# generated by rye
# use `rye lock` or `rye sync` to update this lockfile
#
# last locked with the following flags:
#   pre: false
#   features: []
#   all-features: false
#   with-sources: false

-e file:.
asgiref==3.8.1
    # via django
django==4.2.13
    # via mycroblog
django-types==0.19.1
    # via mycroblog
sqlparse==0.5.0
    # via django
types-psycopg2==2.9.21.20240417
    # via django-types
typing-extensions==4.12.2
    # via asgiref
